
Microsoft Visual Studio Solution File, Format Version 12.00
# Visual Studio Version 17
VisualStudioVersion = 17.8.34330.188
MinimumVisualStudioVersion = 10.0.40219.1
Project("{FAE04EC0-301F-11D3-BF4B-00C04F79EFBC}") = "Food-Ordering-Application", "Food-Ordering-Application\Food-Ordering-Application.csproj", "{0539A42F-E3A2-438C-8B72-7F0B2DE60D0E}"
EndProject
Global
	GlobalSection(SolutionConfigurationPlatforms) = preSolution
		Debug|Any CPU = Debug|Any CPU
		Release|Any CPU = Release|Any CPU
	EndGlobalSection
	GlobalSection(ProjectConfigurationPlatforms) = postSolution
		{0539A42F-E3A2-438C-8B72-7F0B2DE60D0E}.Debug|Any CPU.ActiveCfg = Debug|Any CPU
		{0539A42F-E3A2-438C-8B72-7F0B2DE60D0E}.Debug|Any CPU.Build.0 = Debug|Any CPU
		{0539A42F-E3A2-438C-8B72-7F0B2DE60D0E}.Release|Any CPU.ActiveCfg = Release|Any CPU
		{0539A42F-E3A2-438C-8B72-7F0B2DE60D0E}.Release|Any CPU.Build.0 = Release|Any CPU
	EndGlobalSection
	GlobalSection(SolutionProperties) = preSolution
		HideSolutionNode = FALSE
	EndGlobalSection
	GlobalSection(ExtensibilityGlobals) = postSolution
		SolutionGuid = {B391BFCA-6842-4DDE-B61E-44C25ECD827D}
	EndGlobalSection
EndGlobal
